# THIS IS AN AUTOGENERATED FILE. DO NOT EDIT THIS FILE DIRECTLY.
# yarn lockfile v1


"@types/node@16.18.96":
  version "16.18.96"
  resolved "https://registry.yarnpkg.com/@types/node/-/node-16.18.96.tgz#eb0012d23ff53d14d64ec8a352bf89792de6aade"
  integrity sha512-84iSqGXoO+Ha16j8pRZ/L90vDMKX04QTYMTfYeE1WrjWaZXuchBehGUZEpNgx7JnmlrIHdnABmpjrQjhCnNldQ==

vscode-nls@^4.0.0:
  version "4.0.0"
  resolved "https://registry.yarnpkg.com/vscode-nls/-/vscode-nls-4.0.0.tgz#4001c8a6caba5cedb23a9c5ce1090395c0e44002"
  integrity sha512-qCfdzcH+0LgQnBpZA53bA32kzp9rpq/f66Som577ObeuDlFIrtbEJ+A/+CCxjIh4G8dpJYNCKIsxpRAHIfsbNw==
