# THIS IS AN AUTOGENERATED FILE. DO NOT EDIT THIS FILE DIRECTLY.
# yarn lockfile v1


"@microsoft/1ds-core-js@3.2.3", "@microsoft/1ds-core-js@^3.2.3":
  version "3.2.3"
  resolved "https://registry.yarnpkg.com/@microsoft/1ds-core-js/-/1ds-core-js-3.2.3.tgz#2217d92ec8b073caa4577a13f40ea3a5c4c4d4e7"
  integrity sha512-796A8fd90oUKDRO7UXUT9BwZ3G+a9XzJj5v012FcCN/2qRhEsIV3x/0wkx2S08T4FiQEUPkB2uoYHpEjEneM7g==
  dependencies:
    "@microsoft/applicationinsights-core-js" "2.8.4"
    "@microsoft/applicationinsights-shims" "^2.0.1"
    "@microsoft/dynamicproto-js" "^1.1.6"

"@microsoft/1ds-post-js@^3.2.3":
  version "3.2.3"
  resolved "https://registry.yarnpkg.com/@microsoft/1ds-post-js/-/1ds-post-js-3.2.3.tgz#1fa7d51615a44f289632ae8c588007ba943db216"
  integrity sha512-tcGJQXXr2LYoBbIXPoUVe1KCF3OtBsuKDFL7BXfmNtuSGtWF0yejm6H83DrR8/cUIGMRMUP9lqNlqFGwDYiwAQ==
  dependencies:
    "@microsoft/1ds-core-js" "3.2.3"
    "@microsoft/applicationinsights-shims" "^2.0.1"
    "@microsoft/dynamicproto-js" "^1.1.6"

"@microsoft/applicationinsights-core-js@2.8.4":
  version "2.8.4"
  resolved "https://registry.yarnpkg.com/@microsoft/applicationinsights-core-js/-/applicationinsights-core-js-2.8.4.tgz#607e531bb241a8920d43960f68a7c76a6f9af596"
  integrity sha512-FoA0FNOsFbJnLyTyQlYs6+HR7HMEa6nAOE6WOm9WVejBHMHQ/Bdb+hfVFi6slxwCimr/ner90jchi4/sIYdnyQ==
  dependencies:
    "@microsoft/applicationinsights-shims" "2.0.1"
    "@microsoft/dynamicproto-js" "^1.1.6"

"@microsoft/applicationinsights-shims@2.0.1", "@microsoft/applicationinsights-shims@^2.0.1":
  version "2.0.1"
  resolved "https://registry.yarnpkg.com/@microsoft/applicationinsights-shims/-/applicationinsights-shims-2.0.1.tgz#5d72fb7aaf4056c4fda54f9d7c93ccf8ca9bcbfd"
  integrity sha512-G0MXf6R6HndRbDy9BbEj0zrLeuhwt2nsXk2zKtF0TnYo39KgYqhYC2ayIzKPTm2KAE+xzD7rgyLdZnrcRvt9WQ==

"@microsoft/dynamicproto-js@^1.1.6":
  version "1.1.6"
  resolved "https://registry.yarnpkg.com/@microsoft/dynamicproto-js/-/dynamicproto-js-1.1.6.tgz#6fe03468862861f5f88ac4c3959a652b3797f1bc"
  integrity sha512-D1Oivw1A4bIXhzBIy3/BBPn3p2On+kpO2NiYt9shICDK7L/w+cR6FFBUsBZ05l6iqzTeL+Jm8lAYn0g6G7DmDg==

"@types/node@16.x":
  version "16.11.6"
  resolved "https://registry.yarnpkg.com/@types/node/-/node-16.11.6.tgz#6bef7a2a0ad684cf6e90fcfe31cecabd9ce0a3ae"
  integrity sha512-ua7PgUoeQFjmWPcoo9khiPum3Pd60k4/2ZGXt18sm2Slk0W0xZTqt5Y0Ny1NyBiN1EVQ/+FaF9NcY4Qe6rwk5w==

"@vscode/extension-telemetry@0.6.2":
  version "0.6.2"
  resolved "https://registry.yarnpkg.com/@vscode/extension-telemetry/-/extension-telemetry-0.6.2.tgz#b86814ee680615730da94220c2b03ea9c3c14a8e"
  integrity sha512-yb/wxLuaaCRcBAZtDCjNYSisAXz3FWsSqAha5nhHcYxx2ZPdQdWuZqVXGKq0ZpHVndBWWtK6XqtpCN2/HB4S1w==
  dependencies:
    "@microsoft/1ds-core-js" "^3.2.3"
    "@microsoft/1ds-post-js" "^3.2.3"

balanced-match@^1.0.0:
  version "1.0.0"
  resolved "https://registry.yarnpkg.com/balanced-match/-/balanced-match-1.0.0.tgz#89b4d199ab2bee49de164ea02b89ce462d71b767"
  integrity sha1-ibTRmasr7kneFk6gK4nORi1xt2c=

brace-expansion@^2.0.1:
  version "2.0.2"
  resolved "https://registry.yarnpkg.com/brace-expansion/-/brace-expansion-2.0.2.tgz#54fc53237a613d854c7bd37463aad17df87214e7"
  integrity sha512-Jt0vHyM+jmUBqojB7E1NIYadt0vI0Qxjxd2TErW94wDz+E2LAm5vKMXXwg6ZZBTHPuUlDgQHKXvjGBdfcF1ZDQ==
  dependencies:
    balanced-match "^1.0.0"

minimatch@^5.1.0:
  version "5.1.6"
  resolved "https://registry.yarnpkg.com/minimatch/-/minimatch-5.1.6.tgz#1cfcb8cf5522ea69952cd2af95ae09477f122a96"
  integrity sha512-lKwV/1brpG6mBUFHtb7NUmtABCb2WZZmm2wNiOA5hAb8VdCS4B3dtMWyvcoViccwAW/COERjXLt0zP1zXUN26g==
  dependencies:
    brace-expansion "^2.0.1"

request-light@^0.5.8:
  version "0.5.8"
  resolved "https://registry.yarnpkg.com/request-light/-/request-light-0.5.8.tgz#8bf73a07242b9e7b601fac2fa5dc22a094abcc27"
  integrity sha512-3Zjgh+8b5fhRJBQZoy+zbVKpAQGLyka0MPgW3zruTF4dFFJ8Fqcfu9YsAvi/rvdcaTeWG3MkbZv4WKxAn/84Lg==

semver@^7.3.7:
  version "7.7.2"
  resolved "https://registry.yarnpkg.com/semver/-/semver-7.7.2.tgz#67d99fdcd35cec21e6f8b87a7fd515a33f982b58"
  integrity sha512-RF0Fw+rO5AMf9MAyaRXI4AV0Ulj5lMHqVxxdSgiVbixSCXoEmmX/jk0CuJw4+3SqroYO9VoUh+HcuJivvtJemA==

vscode-jsonrpc@8.1.0:
  version "8.1.0"
  resolved "https://registry.yarnpkg.com/vscode-jsonrpc/-/vscode-jsonrpc-8.1.0.tgz#cb9989c65e219e18533cc38e767611272d274c94"
  integrity sha512-6TDy/abTQk+zDGYazgbIPc+4JoXdwC8NHU9Pbn4UJP1fehUyZmM4RHp5IthX7A6L5KS30PRui+j+tbbMMMafdw==

vscode-languageclient@^8.0.2:
  version "8.1.0"
  resolved "https://registry.yarnpkg.com/vscode-languageclient/-/vscode-languageclient-8.1.0.tgz#3e67d5d841481ac66ddbdaa55b4118742f6a9f3f"
  integrity sha512-GL4QdbYUF/XxQlAsvYWZRV3V34kOkpRlvV60/72ghHfsYFnS/v2MANZ9P6sHmxFcZKOse8O+L9G7Czg0NUWing==
  dependencies:
    minimatch "^5.1.0"
    semver "^7.3.7"
    vscode-languageserver-protocol "3.17.3"

vscode-languageserver-protocol@3.17.3:
  version "3.17.3"
  resolved "https://registry.yarnpkg.com/vscode-languageserver-protocol/-/vscode-languageserver-protocol-3.17.3.tgz#6d0d54da093f0c0ee3060b81612cce0f11060d57"
  integrity sha512-924/h0AqsMtA5yK22GgMtCYiMdCOtWTSGgUOkgEDX+wk2b0x4sAfLiO4NxBxqbiVtz7K7/1/RgVrVI0NClZwqA==
  dependencies:
    vscode-jsonrpc "8.1.0"
    vscode-languageserver-types "3.17.3"

vscode-languageserver-types@3.17.3:
  version "3.17.3"
  resolved "https://registry.yarnpkg.com/vscode-languageserver-types/-/vscode-languageserver-types-3.17.3.tgz#72d05e47b73be93acb84d6e311b5786390f13f64"
  integrity sha512-SYU4z1dL0PyIMd4Vj8YOqFvHu7Hz/enbWtpfnVbJHU4Nd1YNYx8u0ennumc6h48GQNeOLxmwySmnADouT/AuZA==

vscode-nls@^5.0.1:
  version "5.0.1"
  resolved "https://registry.yarnpkg.com/vscode-nls/-/vscode-nls-5.0.1.tgz#ba23fc4d4420d25e7f886c8e83cbdcec47aa48b2"
  integrity sha512-hHQV6iig+M21lTdItKPkJAaWrxALQb/nqpVffakO4knJOh3DrU2SXOMzUzNgo1eADPzu3qSsJY1weCzvR52q9A==
